# Generated by pub
# See https://dart.dev/tools/pub/glossary#lockfile
packages:
  characters:
    dependency: transitive
    description:
      name: characters
      sha256: faf38497bda5ead2a8c7615f4f7939df04333478bf32e4173fcb06d428b5716b
      url: "https://pub.flutter-io.cn"
    source: hosted
    version: "1.4.1"
  dart_tui:
    dependency: "direct main"
    description:
      name: dart_tui
      sha256: "9e75bb217b14aed491d98c226b2aa5e6e93efca78967e1e159f34cf5f2e02731"
      url: "https://pub.flutter-io.cn"
    source: hosted
    version: "1.2.0"
  meta:
    dependency: transitive
    description:
      name: meta
      sha256: df0c643f44ad098eb37988027a8e2b2b5a031fd3977f06bbfd3a76637e8df739
      url: "https://pub.flutter-io.cn"
    source: hosted
    version: "1.18.2"
  path:
    dependency: transitive
    description:
      name: path
      sha256: "75cca69d1490965be98c73ceaea117e8a04dd21217b37b292c9ddbec0d955bc5"
      url: "https://pub.flutter-io.cn"
    source: hosted
    version: "1.9.1"
sdks:
  dart: ">=3.5.0 <4.0.0"
